
Microsoft Visual Studio Solution File, Format Version 12.00
Project("{2150E333-8FDC-42A3-9474-1A3956D46DE8}") = "Core", "Core", "{25FD87DD-B8E2-490E-9218-2A3A8FC4C9A6}"
EndProject
Project("{2150E333-8FDC-42A3-9474-1A3956D46DE8}") = "External", "External", "{0AF8956B-CC7A-4651-93FE-40A17DB3D88F}"
EndProject
Project("{FAE04EC0-301F-11D3-BF4B-00C04F79EFBC}") = "LoveBook.Application", "LoveBook.Application\LoveBook.Application.csproj", "{8DF29E38-2866-4F04-A5D8-99BFEB36228B}"
EndProject
Project("{FAE04EC0-301F-11D3-BF4B-00C04F79EFBC}") = "LoveBook.Domain", "LoveBook.Domain\LoveBook.Domain.csproj", "{300E5A0F-75D8-4945-9BBF-0C73A7131B50}"
EndProject
Project("{FAE04EC0-301F-11D3-BF4B-00C04F79EFBC}") = "LoveBook.Infrastructure", "LoveBook.Infrastructure\LoveBook.Infrastructure.csproj", "{14107AD1-429C-4EF2-BC2D-4E457CFD136A}"
EndProject
Project("{FAE04EC0-301F-11D3-BF4B-00C04F79EFBC}") = "LoveBook.Api", "LoveBook.Api\LoveBook.Api.csproj", "{23983C24-3124-4643-A362-243E816C4570}"
EndProject
Global
	GlobalSection(SolutionConfigurationPlatforms) = preSolution
		Debug|Any CPU = Debug|Any CPU
		Release|Any CPU = Release|Any CPU
	EndGlobalSection
	GlobalSection(NestedProjects) = preSolution
		{8DF29E38-2866-4F04-A5D8-99BFEB36228B} = {25FD87DD-B8E2-490E-9218-2A3A8FC4C9A6}
		{300E5A0F-75D8-4945-9BBF-0C73A7131B50} = {25FD87DD-B8E2-490E-9218-2A3A8FC4C9A6}
		{14107AD1-429C-4EF2-BC2D-4E457CFD136A} = {0AF8956B-CC7A-4651-93FE-40A17DB3D88F}
	EndGlobalSection
	GlobalSection(ProjectConfigurationPlatforms) = postSolution
		{8DF29E38-2866-4F04-A5D8-99BFEB36228B}.Debug|Any CPU.ActiveCfg = Debug|Any CPU
		{8DF29E38-2866-4F04-A5D8-99BFEB36228B}.Debug|Any CPU.Build.0 = Debug|Any CPU
		{8DF29E38-2866-4F04-A5D8-99BFEB36228B}.Release|Any CPU.ActiveCfg = Release|Any CPU
		{8DF29E38-2866-4F04-A5D8-99BFEB36228B}.Release|Any CPU.Build.0 = Release|Any CPU
		{300E5A0F-75D8-4945-9BBF-0C73A7131B50}.Debug|Any CPU.ActiveCfg = Debug|Any CPU
		{300E5A0F-75D8-4945-9BBF-0C73A7131B50}.Debug|Any CPU.Build.0 = Debug|Any CPU
		{300E5A0F-75D8-4945-9BBF-0C73A7131B50}.Release|Any CPU.ActiveCfg = Release|Any CPU
		{300E5A0F-75D8-4945-9BBF-0C73A7131B50}.Release|Any CPU.Build.0 = Release|Any CPU
		{14107AD1-429C-4EF2-BC2D-4E457CFD136A}.Debug|Any CPU.ActiveCfg = Debug|Any CPU
		{14107AD1-429C-4EF2-BC2D-4E457CFD136A}.Debug|Any CPU.Build.0 = Debug|Any CPU
		{14107AD1-429C-4EF2-BC2D-4E457CFD136A}.Release|Any CPU.ActiveCfg = Release|Any CPU
		{14107AD1-429C-4EF2-BC2D-4E457CFD136A}.Release|Any CPU.Build.0 = Release|Any CPU
		{23983C24-3124-4643-A362-243E816C4570}.Debug|Any CPU.ActiveCfg = Debug|Any CPU
		{23983C24-3124-4643-A362-243E816C4570}.Debug|Any CPU.Build.0 = Debug|Any CPU
		{23983C24-3124-4643-A362-243E816C4570}.Release|Any CPU.ActiveCfg = Release|Any CPU
		{23983C24-3124-4643-A362-243E816C4570}.Release|Any CPU.Build.0 = Release|Any CPU
	EndGlobalSection
EndGlobal
